
Microsoft Visual Studio Solution File, Format Version 12.00
# Visual Studio Version 16
VisualStudioVersion = 16.0.29519.87
MinimumVisualStudioVersion = 10.0.40219.1
Project("{FAE04EC0-301F-11D3-BF4B-00C04F79EFBC}") = "DotNet_2", "DotNet_2.csproj", "{BFF9A598-61CF-440C-8821-B598A0A6B15D}"
EndProject
Project("{2150E333-8FDC-42A3-9474-1A3956D46DE8}") = "Solution Items", "Solution Items", "{19C3BE7F-5E53-4C2C-9CD6-409659586CD9}"
EndProject
Global
	GlobalSection(SolutionConfigurationPlatforms) = preSolution
		Debug|Any CPU = Debug|Any CPU
		Release|Any CPU = Release|Any CPU
	EndGlobalSection
	GlobalSection(ProjectConfigurationPlatforms) = postSolution
		{BFF9A598-61CF-440C-8821-B598A0A6B15D}.Debug|Any CPU.ActiveCfg = Debug|Any CPU
		{BFF9A598-61CF-440C-8821-B598A0A6B15D}.Debug|Any CPU.Build.0 = Debug|Any CPU
		{BFF9A598-61CF-440C-8821-B598A0A6B15D}.Release|Any CPU.ActiveCfg = Release|Any CPU
		{BFF9A598-61CF-440C-8821-B598A0A6B15D}.Release|Any CPU.Build.0 = Release|Any CPU
	EndGlobalSection
	GlobalSection(SolutionProperties) = preSolution
		HideSolutionNode = FALSE
	EndGlobalSection
	GlobalSection(ExtensibilityGlobals) = postSolution
		SolutionGuid = {CBA995B8-222A-4999-A124-D708C3539724}
	EndGlobalSection
EndGlobal
